
Microsoft Visual Studio Solution File, Format Version 12.00
# Visual Studio 15
VisualStudioVersion = 15.0.28307.168
MinimumVisualStudioVersion = 10.0.40219.1
Project("{FAE04EC0-301F-11D3-BF4B-00C04F79EFBC}") = "ExpenseIT", "ExpenseIT\ExpenseIT.csproj", "{D771E6E1-6AAB-41BE-AC5F-DDC7ABA40E89}"
EndProject
Global
	GlobalSection(SolutionConfigurationPlatforms) = preSolution
		Debug|Any CPU = Debug|Any CPU
		Release|Any CPU = Release|Any CPU
	EndGlobalSection
	GlobalSection(ProjectConfigurationPlatforms) = postSolution
		{D771E6E1-6AAB-41BE-AC5F-DDC7ABA40E89}.Debug|Any CPU.ActiveCfg = Debug|Any CPU
		{D771E6E1-6AAB-41BE-AC5F-DDC7ABA40E89}.Debug|Any CPU.Build.0 = Debug|Any CPU
		{D771E6E1-6AAB-41BE-AC5F-DDC7ABA40E89}.Release|Any CPU.ActiveCfg = Release|Any CPU
		{D771E6E1-6AAB-41BE-AC5F-DDC7ABA40E89}.Release|Any CPU.Build.0 = Release|Any CPU
	EndGlobalSection
	GlobalSection(SolutionProperties) = preSolution
		HideSolutionNode = FALSE
	EndGlobalSection
	GlobalSection(ExtensibilityGlobals) = postSolution
		SolutionGuid = {2BEAD9C9-A175-4904-8DAE-9E00C20A5D26}
	EndGlobalSection
EndGlobal
